
Microsoft Visual Studio Solution File, Format Version 12.00
# Visual Studio Version 17
VisualStudioVersion = 17.11.35327.3
MinimumVisualStudioVersion = 10.0.40219.1
Project("{FAE04EC0-301F-11D3-BF4B-00C04F79EFBC}") = "RestaurantManagementSystem", "RestaurantManagementSystem.csproj", "{8A25D56C-F1D9-4EE5-B60C-1A03FF5F437D}"
EndProject
Global
	GlobalSection(SolutionConfigurationPlatforms) = preSolution
		Debug|Any CPU = Debug|Any CPU
		Release|Any CPU = Release|Any CPU
	EndGlobalSection
	GlobalSection(ProjectConfigurationPlatforms) = postSolution
		{8A25D56C-F1D9-4EE5-B60C-1A03FF5F437D}.Debug|Any CPU.ActiveCfg = Debug|Any CPU
		{8A25D56C-F1D9-4EE5-B60C-1A03FF5F437D}.Debug|Any CPU.Build.0 = Debug|Any CPU
		{8A25D56C-F1D9-4EE5-B60C-1A03FF5F437D}.Release|Any CPU.ActiveCfg = Release|Any CPU
		{8A25D56C-F1D9-4EE5-B60C-1A03FF5F437D}.Release|Any CPU.Build.0 = Release|Any CPU
	EndGlobalSection
	GlobalSection(SolutionProperties) = preSolution
		HideSolutionNode = FALSE
	EndGlobalSection
	GlobalSection(ExtensibilityGlobals) = postSolution
		SolutionGuid = {657E42EB-CA7A-4A15-848D-F03734C7BA99}
	EndGlobalSection
EndGlobal
